{
  "version": "1.0.0",
  "lockfileVersion": 1,
  "requires": true,
  "dependencies": {
    "iced-error": {
      "version": "0.0.13",
      "resolved": "https://registry.npmjs.org/iced-error/-/iced-error-0.0.13.tgz",
      "integrity": "sha512-yEEaG8QfyyRL0SsbNNDw3rVgTyqwHFMCuV6jDvD43f/2shmdaFXkqvFLGhDlsYNSolzYHwVLM/CrXt9GygYopA=="
    },
    "stathat": {
      "version": "0.0.8",
      "resolved": "https://registry.npmjs.org/stathat/-/stathat-0.0.8.tgz",
      "integrity": "sha1-GaJY2dSjIE82MA+JiUK1/yChgdI="
    }
  }
}
